
Microsoft Visual Studio Solution File, Format Version 12.00
# Visual Studio Version 17
VisualStudioVersion = 17.0.31919.166
MinimumVisualStudioVersion = 10.0.40219.1
Project("{FAE04EC0-301F-11D3-BF4B-00C04F79EFBC}") = "ST10083952-PROG6212 ICE 1", "ST10083952-PROG6212 ICE 1\ST10083952-PROG6212 ICE 1.csproj", "{D898B7DC-31EF-4D8B-ACB4-19CB22FA9FCC}"
EndProject
Global
	GlobalSection(SolutionConfigurationPlatforms) = preSolution
		Debug|Any CPU = Debug|Any CPU
		Release|Any CPU = Release|Any CPU
	EndGlobalSection
	GlobalSection(ProjectConfigurationPlatforms) = postSolution
		{D898B7DC-31EF-4D8B-ACB4-19CB22FA9FCC}.Debug|Any CPU.ActiveCfg = Debug|Any CPU
		{D898B7DC-31EF-4D8B-ACB4-19CB22FA9FCC}.Debug|Any CPU.Build.0 = Debug|Any CPU
		{D898B7DC-31EF-4D8B-ACB4-19CB22FA9FCC}.Release|Any CPU.ActiveCfg = Release|Any CPU
		{D898B7DC-31EF-4D8B-ACB4-19CB22FA9FCC}.Release|Any CPU.Build.0 = Release|Any CPU
	EndGlobalSection
	GlobalSection(SolutionProperties) = preSolution
		HideSolutionNode = FALSE
	EndGlobalSection
	GlobalSection(ExtensibilityGlobals) = postSolution
		SolutionGuid = {6AC7FA42-17F5-486D-8B7B-A7F0768FB5E8}
	EndGlobalSection
EndGlobal
